
Microsoft Visual Studio Solution File, Format Version 12.00
# Visual Studio Version 16
VisualStudioVersion = 16.0.30804.86
MinimumVisualStudioVersion = 10.0.40219.1
Project("{FAE04EC0-301F-11D3-BF4B-00C04F79EFBC}") = "DataAccess", "DataAccess\DataAccess.csproj", "{586B3B78-9EA7-4955-BF40-986982377D39}"
EndProject
Project("{FAE04EC0-301F-11D3-BF4B-00C04F79EFBC}") = "Entities", "Entities\Entities.csproj", "{F3826799-4E0D-4941-999E-ADFE6A4354FF}"
EndProject
Project("{FAE04EC0-301F-11D3-BF4B-00C04F79EFBC}") = "Business", "Business\Business.csproj", "{A9837F93-F873-43C8-80BB-EDFA55DE00CA}"
EndProject
Project("{FAE04EC0-301F-11D3-BF4B-00C04F79EFBC}") = "ConsoleUI", "ConsoleUI\ConsoleUI.csproj", "{99F26E68-0B92-48FF-9EA4-5B99089B600B}"
EndProject
Project("{FAE04EC0-301F-11D3-BF4B-00C04F79EFBC}") = "Core", "Core\Core.csproj", "{2F428F39-0FA2-4629-A063-2856C552293C}"
EndProject
Global
	GlobalSection(SolutionConfigurationPlatforms) = preSolution
		Debug|Any CPU = Debug|Any CPU
		Release|Any CPU = Release|Any CPU
	EndGlobalSection
	GlobalSection(ProjectConfigurationPlatforms) = postSolution
		{586B3B78-9EA7-4955-BF40-986982377D39}.Debug|Any CPU.ActiveCfg = Debug|Any CPU
		{586B3B78-9EA7-4955-BF40-986982377D39}.Debug|Any CPU.Build.0 = Debug|Any CPU
		{586B3B78-9EA7-4955-BF40-986982377D39}.Release|Any CPU.ActiveCfg = Release|Any CPU
		{586B3B78-9EA7-4955-BF40-986982377D39}.Release|Any CPU.Build.0 = Release|Any CPU
		{F3826799-4E0D-4941-999E-ADFE6A4354FF}.Debug|Any CPU.ActiveCfg = Debug|Any CPU
		{F3826799-4E0D-4941-999E-ADFE6A4354FF}.Debug|Any CPU.Build.0 = Debug|Any CPU
		{F3826799-4E0D-4941-999E-ADFE6A4354FF}.Release|Any CPU.ActiveCfg = Release|Any CPU
		{F3826799-4E0D-4941-999E-ADFE6A4354FF}.Release|Any CPU.Build.0 = Release|Any CPU
		{A9837F93-F873-43C8-80BB-EDFA55DE00CA}.Debug|Any CPU.ActiveCfg = Debug|Any CPU
		{A9837F93-F873-43C8-80BB-EDFA55DE00CA}.Debug|Any CPU.Build.0 = Debug|Any CPU
		{A9837F93-F873-43C8-80BB-EDFA55DE00CA}.Release|Any CPU.ActiveCfg = Release|Any CPU
		{A9837F93-F873-43C8-80BB-EDFA55DE00CA}.Release|Any CPU.Build.0 = Release|Any CPU
		{99F26E68-0B92-48FF-9EA4-5B99089B600B}.Debug|Any CPU.ActiveCfg = Debug|Any CPU
		{99F26E68-0B92-48FF-9EA4-5B99089B600B}.Debug|Any CPU.Build.0 = Debug|Any CPU
		{99F26E68-0B92-48FF-9EA4-5B99089B600B}.Release|Any CPU.ActiveCfg = Release|Any CPU
		{99F26E68-0B92-48FF-9EA4-5B99089B600B}.Release|Any CPU.Build.0 = Release|Any CPU
		{2F428F39-0FA2-4629-A063-2856C552293C}.Debug|Any CPU.ActiveCfg = Debug|Any CPU
		{2F428F39-0FA2-4629-A063-2856C552293C}.Debug|Any CPU.Build.0 = Debug|Any CPU
		{2F428F39-0FA2-4629-A063-2856C552293C}.Release|Any CPU.ActiveCfg = Release|Any CPU
		{2F428F39-0FA2-4629-A063-2856C552293C}.Release|Any CPU.Build.0 = Release|Any CPU
	EndGlobalSection
	GlobalSection(SolutionProperties) = preSolution
		HideSolutionNode = FALSE
	EndGlobalSection
	GlobalSection(ExtensibilityGlobals) = postSolution
		SolutionGuid = {C32AE342-F046-4477-B845-5C85CF017CA9}
	EndGlobalSection
EndGlobal
